
Microsoft Visual Studio Solution File, Format Version 12.00
# Visual Studio Version 16
VisualStudioVersion = 16.0.31702.278
MinimumVisualStudioVersion = 10.0.40219.1
Project("{9A19103F-16F7-4668-BE54-9A1E7A4F7556}") = "Sasarman_Andra_Lab2M", "Sasarman_Andra_Lab2M\Sasarman_Andra_Lab2M.csproj", "{917834CD-6132-465C-B7D3-9B79AB198028}"
EndProject
Project("{FAE04EC0-301F-11D3-BF4B-00C04F79EFBC}") = "LibraryModel", "LibraryModel\LibraryModel.csproj", "{4953F002-EB7A-4B6D-A566-113BE7F47598}"
EndProject
Project("{FAE04EC0-301F-11D3-BF4B-00C04F79EFBC}") = "LibraryWebAPI", "LibraryWebAPI\LibraryWebAPI.csproj", "{69E6400B-1310-4747-B7C3-5546E8D79BFD}"
EndProject
Global
	GlobalSection(SolutionConfigurationPlatforms) = preSolution
		Debug|Any CPU = Debug|Any CPU
		Release|Any CPU = Release|Any CPU
	EndGlobalSection
	GlobalSection(ProjectConfigurationPlatforms) = postSolution
		{917834CD-6132-465C-B7D3-9B79AB198028}.Debug|Any CPU.ActiveCfg = Debug|Any CPU
		{917834CD-6132-465C-B7D3-9B79AB198028}.Debug|Any CPU.Build.0 = Debug|Any CPU
		{917834CD-6132-465C-B7D3-9B79AB198028}.Release|Any CPU.ActiveCfg = Release|Any CPU
		{917834CD-6132-465C-B7D3-9B79AB198028}.Release|Any CPU.Build.0 = Release|Any CPU
		{4953F002-EB7A-4B6D-A566-113BE7F47598}.Debug|Any CPU.ActiveCfg = Debug|Any CPU
		{4953F002-EB7A-4B6D-A566-113BE7F47598}.Debug|Any CPU.Build.0 = Debug|Any CPU
		{4953F002-EB7A-4B6D-A566-113BE7F47598}.Release|Any CPU.ActiveCfg = Release|Any CPU
		{4953F002-EB7A-4B6D-A566-113BE7F47598}.Release|Any CPU.Build.0 = Release|Any CPU
		{69E6400B-1310-4747-B7C3-5546E8D79BFD}.Debug|Any CPU.ActiveCfg = Debug|Any CPU
		{69E6400B-1310-4747-B7C3-5546E8D79BFD}.Debug|Any CPU.Build.0 = Debug|Any CPU
		{69E6400B-1310-4747-B7C3-5546E8D79BFD}.Release|Any CPU.ActiveCfg = Release|Any CPU
		{69E6400B-1310-4747-B7C3-5546E8D79BFD}.Release|Any CPU.Build.0 = Release|Any CPU
	EndGlobalSection
	GlobalSection(SolutionProperties) = preSolution
		HideSolutionNode = FALSE
	EndGlobalSection
	GlobalSection(ExtensibilityGlobals) = postSolution
		SolutionGuid = {9C17FC8E-D42D-4057-B66F-31C8A81CDAB8}
	EndGlobalSection
EndGlobal
